
Microsoft Visual Studio Solution File, Format Version 12.00
# Visual Studio Version 17
VisualStudioVersion = 17.0.31903.59
MinimumVisualStudioVersion = 10.0.40219.1
Project("{2150E333-8FDC-42A3-9474-1A3956D46DE8}") = "src", "src", "{F36E8BC7-863D-4221-B52D-9467A9CBAA0F}"
EndProject
Project("{F2A71F9B-5D33-465A-A702-920D77279786}") = "FiftExecutor", "src\FiftExecutor\FiftExecutor.fsproj", "{FE45FFE9-54EF-4927-A3C8-E11972701BD2}"
EndProject
Project("{F2A71F9B-5D33-465A-A702-920D77279786}") = "TVM", "src\TVM\TVM.fsproj", "{FE95FB53-B985-4418-AEE8-8422D088BABB}"
EndProject
Project("{F2A71F9B-5D33-465A-A702-920D77279786}") = "GMachine2", "src\GMachine2\GMachine2.fsproj", "{DA8FCADA-0995-40DC-82A6-EE50DB8ED991}"
EndProject
Project("{F2A71F9B-5D33-465A-A702-920D77279786}") = "Compiler2", "src\Compiler2\Compiler2.fsproj", "{27DBC1A0-B1A3-4F66-BC82-7EFD6AD3ABBA}"
EndProject
Project("{F2A71F9B-5D33-465A-A702-920D77279786}") = "LHTypes", "src\LHTypes\LHTypes.fsproj", "{FC197941-432F-4700-A475-F12859B2409B}"
EndProject
Global
	GlobalSection(SolutionConfigurationPlatforms) = preSolution
		Debug|Any CPU = Debug|Any CPU
		Release|Any CPU = Release|Any CPU
	EndGlobalSection
	GlobalSection(SolutionProperties) = preSolution
		HideSolutionNode = FALSE
	EndGlobalSection
	GlobalSection(ProjectConfigurationPlatforms) = postSolution
		{FE45FFE9-54EF-4927-A3C8-E11972701BD2}.Debug|Any CPU.ActiveCfg = Debug|Any CPU
		{FE45FFE9-54EF-4927-A3C8-E11972701BD2}.Debug|Any CPU.Build.0 = Debug|Any CPU
		{FE45FFE9-54EF-4927-A3C8-E11972701BD2}.Release|Any CPU.ActiveCfg = Release|Any CPU
		{FE45FFE9-54EF-4927-A3C8-E11972701BD2}.Release|Any CPU.Build.0 = Release|Any CPU
		{FE95FB53-B985-4418-AEE8-8422D088BABB}.Debug|Any CPU.ActiveCfg = Debug|Any CPU
		{FE95FB53-B985-4418-AEE8-8422D088BABB}.Debug|Any CPU.Build.0 = Debug|Any CPU
		{FE95FB53-B985-4418-AEE8-8422D088BABB}.Release|Any CPU.ActiveCfg = Release|Any CPU
		{FE95FB53-B985-4418-AEE8-8422D088BABB}.Release|Any CPU.Build.0 = Release|Any CPU
		{DA8FCADA-0995-40DC-82A6-EE50DB8ED991}.Debug|Any CPU.ActiveCfg = Debug|Any CPU
		{DA8FCADA-0995-40DC-82A6-EE50DB8ED991}.Debug|Any CPU.Build.0 = Debug|Any CPU
		{DA8FCADA-0995-40DC-82A6-EE50DB8ED991}.Release|Any CPU.ActiveCfg = Release|Any CPU
		{DA8FCADA-0995-40DC-82A6-EE50DB8ED991}.Release|Any CPU.Build.0 = Release|Any CPU
		{27DBC1A0-B1A3-4F66-BC82-7EFD6AD3ABBA}.Debug|Any CPU.ActiveCfg = Debug|Any CPU
		{27DBC1A0-B1A3-4F66-BC82-7EFD6AD3ABBA}.Debug|Any CPU.Build.0 = Debug|Any CPU
		{27DBC1A0-B1A3-4F66-BC82-7EFD6AD3ABBA}.Release|Any CPU.ActiveCfg = Release|Any CPU
		{27DBC1A0-B1A3-4F66-BC82-7EFD6AD3ABBA}.Release|Any CPU.Build.0 = Release|Any CPU
		{FC197941-432F-4700-A475-F12859B2409B}.Debug|Any CPU.ActiveCfg = Debug|Any CPU
		{FC197941-432F-4700-A475-F12859B2409B}.Debug|Any CPU.Build.0 = Debug|Any CPU
		{FC197941-432F-4700-A475-F12859B2409B}.Release|Any CPU.ActiveCfg = Release|Any CPU
		{FC197941-432F-4700-A475-F12859B2409B}.Release|Any CPU.Build.0 = Release|Any CPU
	EndGlobalSection
	GlobalSection(NestedProjects) = preSolution
		{FE45FFE9-54EF-4927-A3C8-E11972701BD2} = {F36E8BC7-863D-4221-B52D-9467A9CBAA0F}
		{FE95FB53-B985-4418-AEE8-8422D088BABB} = {F36E8BC7-863D-4221-B52D-9467A9CBAA0F}
		{DA8FCADA-0995-40DC-82A6-EE50DB8ED991} = {F36E8BC7-863D-4221-B52D-9467A9CBAA0F}
		{27DBC1A0-B1A3-4F66-BC82-7EFD6AD3ABBA} = {F36E8BC7-863D-4221-B52D-9467A9CBAA0F}
		{FC197941-432F-4700-A475-F12859B2409B} = {F36E8BC7-863D-4221-B52D-9467A9CBAA0F}
	EndGlobalSection
EndGlobal
